{
  "name": "brickme",
  "lockfileVersion": 3,
  "requires": true,
  "packages": {
    "": {
      "dependencies": {
        "babylonjs": "^8.54.1"
      }
    },
    "node_modules/babylonjs": {
      "version": "8.54.1",
      "resolved": "https://registry.npmjs.org/babylonjs/-/babylonjs-8.54.1.tgz",
      "integrity": "sha512-3PtaScaXY62RE92KULxcXhRteaY4PsOVx0gOgELd/zGPaZExp5tHQwdV3lmvxMlYRXNUKlHsvsvTgr3J4e9wOA==",
      "hasInstallScript": true,
      "license": "Apache-2.0"
    }
  }
}
